
Microsoft Visual Studio Solution File, Format Version 12.00
# Visual Studio Version 17
VisualStudioVersion = 17.11.35303.130
MinimumVisualStudioVersion = 10.0.40219.1
Project("{9A19103F-16F7-4668-BE54-9A1E7A4F7556}") = "OOGThinkOO3", "OOGThinkOO3\OOGThinkOO3.csproj", "{E9BD19E0-E818-47A4-B10E-3C258CC71267}"
EndProject
Project("{9A19103F-16F7-4668-BE54-9A1E7A4F7556}") = "DemoInterfaceStatic", "DemoInterfaceStatic\DemoInterfaceStatic.csproj", "{05403B04-6120-4DBB-B1B8-6C0B5FE6910F}"
EndProject
Project("{9A19103F-16F7-4668-BE54-9A1E7A4F7556}") = "OO1", "OO1\OO1.csproj", "{407ACE07-4207-4E21-84E4-EF89836645D9}"
EndProject
Project("{9A19103F-16F7-4668-BE54-9A1E7A4F7556}") = "DumpCode", "DumpCode\DumpCode.csproj", "{0D63C648-5A52-4888-A0EB-3483607EE1AC}"
EndProject
Project("{9A19103F-16F7-4668-BE54-9A1E7A4F7556}") = "DemoJsonIntro", "DemoJsonIntro\DemoJsonIntro.csproj", "{40FC0AC0-AEA1-47EF-884D-7BF95A4D53CE}"
EndProject
Project("{9A19103F-16F7-4668-BE54-9A1E7A4F7556}") = "WinFormsDemoGym", "WinFormsDemoGym\WinFormsDemoGym.csproj", "{EB8A45D2-887B-487B-9E20-76310FD67295}"
EndProject
Project("{9A19103F-16F7-4668-BE54-9A1E7A4F7556}") = "OO2", "OO2\OO2.csproj", "{A546A0BB-4ED8-419B-AF71-CFC7E6E64E3C}"
EndProject
Project("{9A19103F-16F7-4668-BE54-9A1E7A4F7556}") = "WinFormsLinqDemo1", "WinFormsLinqDemo1\WinFormsLinqDemo1.csproj", "{B72EABF0-AD15-487F-A20E-3E8D78576D11}"
EndProject
Project("{9A19103F-16F7-4668-BE54-9A1E7A4F7556}") = "WinFormsLinq1", "WinFormsLinq1\WinFormsLinq1.csproj", "{E1562E20-2C05-443B-BD7D-55B75A523017}"
EndProject
Project("{9A19103F-16F7-4668-BE54-9A1E7A4F7556}") = "WinFormsLinq2", "WinFormsLinq2\WinFormsLinq2.csproj", "{D8F66F69-FF79-4359-B280-13500924372A}"
EndProject
Project("{FAE04EC0-301F-11D3-BF4B-00C04F79EFBC}") = "WinFormsLinqDemo2", "WinFormsLinqDemo2\WinFormsLinqDemo2.csproj", "{63103E0F-F433-4C83-99E5-9978AE08DB21}"
EndProject
Project("{FAE04EC0-301F-11D3-BF4B-00C04F79EFBC}") = "WinFormsLinqDemo3", "WinFormsLinqDemo3\WinFormsLinqDemo3.csproj", "{244ED1CA-8908-4261-845B-B70A589DC6F9}"
EndProject
Global
	GlobalSection(SolutionConfigurationPlatforms) = preSolution
		Debug|Any CPU = Debug|Any CPU
		Release|Any CPU = Release|Any CPU
	EndGlobalSection
	GlobalSection(ProjectConfigurationPlatforms) = postSolution
		{E9BD19E0-E818-47A4-B10E-3C258CC71267}.Debug|Any CPU.ActiveCfg = Debug|Any CPU
		{E9BD19E0-E818-47A4-B10E-3C258CC71267}.Debug|Any CPU.Build.0 = Debug|Any CPU
		{E9BD19E0-E818-47A4-B10E-3C258CC71267}.Release|Any CPU.ActiveCfg = Release|Any CPU
		{E9BD19E0-E818-47A4-B10E-3C258CC71267}.Release|Any CPU.Build.0 = Release|Any CPU
		{05403B04-6120-4DBB-B1B8-6C0B5FE6910F}.Debug|Any CPU.ActiveCfg = Debug|Any CPU
		{05403B04-6120-4DBB-B1B8-6C0B5FE6910F}.Debug|Any CPU.Build.0 = Debug|Any CPU
		{05403B04-6120-4DBB-B1B8-6C0B5FE6910F}.Release|Any CPU.ActiveCfg = Release|Any CPU
		{05403B04-6120-4DBB-B1B8-6C0B5FE6910F}.Release|Any CPU.Build.0 = Release|Any CPU
		{407ACE07-4207-4E21-84E4-EF89836645D9}.Debug|Any CPU.ActiveCfg = Debug|Any CPU
		{407ACE07-4207-4E21-84E4-EF89836645D9}.Debug|Any CPU.Build.0 = Debug|Any CPU
		{407ACE07-4207-4E21-84E4-EF89836645D9}.Release|Any CPU.ActiveCfg = Release|Any CPU
		{407ACE07-4207-4E21-84E4-EF89836645D9}.Release|Any CPU.Build.0 = Release|Any CPU
		{0D63C648-5A52-4888-A0EB-3483607EE1AC}.Debug|Any CPU.ActiveCfg = Debug|Any CPU
		{0D63C648-5A52-4888-A0EB-3483607EE1AC}.Debug|Any CPU.Build.0 = Debug|Any CPU
		{0D63C648-5A52-4888-A0EB-3483607EE1AC}.Release|Any CPU.ActiveCfg = Release|Any CPU
		{0D63C648-5A52-4888-A0EB-3483607EE1AC}.Release|Any CPU.Build.0 = Release|Any CPU
		{40FC0AC0-AEA1-47EF-884D-7BF95A4D53CE}.Debug|Any CPU.ActiveCfg = Debug|Any CPU
		{40FC0AC0-AEA1-47EF-884D-7BF95A4D53CE}.Debug|Any CPU.Build.0 = Debug|Any CPU
		{40FC0AC0-AEA1-47EF-884D-7BF95A4D53CE}.Release|Any CPU.ActiveCfg = Release|Any CPU
		{40FC0AC0-AEA1-47EF-884D-7BF95A4D53CE}.Release|Any CPU.Build.0 = Release|Any CPU
		{EB8A45D2-887B-487B-9E20-76310FD67295}.Debug|Any CPU.ActiveCfg = Debug|Any CPU
		{EB8A45D2-887B-487B-9E20-76310FD67295}.Debug|Any CPU.Build.0 = Debug|Any CPU
		{EB8A45D2-887B-487B-9E20-76310FD67295}.Release|Any CPU.ActiveCfg = Release|Any CPU
		{EB8A45D2-887B-487B-9E20-76310FD67295}.Release|Any CPU.Build.0 = Release|Any CPU
		{A546A0BB-4ED8-419B-AF71-CFC7E6E64E3C}.Debug|Any CPU.ActiveCfg = Debug|Any CPU
		{A546A0BB-4ED8-419B-AF71-CFC7E6E64E3C}.Debug|Any CPU.Build.0 = Debug|Any CPU
		{A546A0BB-4ED8-419B-AF71-CFC7E6E64E3C}.Release|Any CPU.ActiveCfg = Release|Any CPU
		{A546A0BB-4ED8-419B-AF71-CFC7E6E64E3C}.Release|Any CPU.Build.0 = Release|Any CPU
		{B72EABF0-AD15-487F-A20E-3E8D78576D11}.Debug|Any CPU.ActiveCfg = Debug|Any CPU
		{B72EABF0-AD15-487F-A20E-3E8D78576D11}.Debug|Any CPU.Build.0 = Debug|Any CPU
		{B72EABF0-AD15-487F-A20E-3E8D78576D11}.Release|Any CPU.ActiveCfg = Release|Any CPU
		{B72EABF0-AD15-487F-A20E-3E8D78576D11}.Release|Any CPU.Build.0 = Release|Any CPU
		{E1562E20-2C05-443B-BD7D-55B75A523017}.Debug|Any CPU.ActiveCfg = Debug|Any CPU
		{E1562E20-2C05-443B-BD7D-55B75A523017}.Debug|Any CPU.Build.0 = Debug|Any CPU
		{E1562E20-2C05-443B-BD7D-55B75A523017}.Release|Any CPU.ActiveCfg = Release|Any CPU
		{E1562E20-2C05-443B-BD7D-55B75A523017}.Release|Any CPU.Build.0 = Release|Any CPU
		{D8F66F69-FF79-4359-B280-13500924372A}.Debug|Any CPU.ActiveCfg = Debug|Any CPU
		{D8F66F69-FF79-4359-B280-13500924372A}.Debug|Any CPU.Build.0 = Debug|Any CPU
		{D8F66F69-FF79-4359-B280-13500924372A}.Release|Any CPU.ActiveCfg = Release|Any CPU
		{D8F66F69-FF79-4359-B280-13500924372A}.Release|Any CPU.Build.0 = Release|Any CPU
		{63103E0F-F433-4C83-99E5-9978AE08DB21}.Debug|Any CPU.ActiveCfg = Debug|Any CPU
		{63103E0F-F433-4C83-99E5-9978AE08DB21}.Debug|Any CPU.Build.0 = Debug|Any CPU
		{63103E0F-F433-4C83-99E5-9978AE08DB21}.Release|Any CPU.ActiveCfg = Release|Any CPU
		{63103E0F-F433-4C83-99E5-9978AE08DB21}.Release|Any CPU.Build.0 = Release|Any CPU
		{244ED1CA-8908-4261-845B-B70A589DC6F9}.Debug|Any CPU.ActiveCfg = Debug|Any CPU
		{244ED1CA-8908-4261-845B-B70A589DC6F9}.Debug|Any CPU.Build.0 = Debug|Any CPU
		{244ED1CA-8908-4261-845B-B70A589DC6F9}.Release|Any CPU.ActiveCfg = Release|Any CPU
		{244ED1CA-8908-4261-845B-B70A589DC6F9}.Release|Any CPU.Build.0 = Release|Any CPU
	EndGlobalSection
	GlobalSection(SolutionProperties) = preSolution
		HideSolutionNode = FALSE
	EndGlobalSection
	GlobalSection(ExtensibilityGlobals) = postSolution
		SolutionGuid = {6CE75B79-4BD8-4B84-A5FC-817F5A2F12A2}
	EndGlobalSection
EndGlobal
